
Microsoft Visual Studio Solution File, Format Version 12.00
# Visual Studio 15
VisualStudioVersion = 15.0.27703.2018
MinimumVisualStudioVersion = 10.0.40219.1
Project("{FAE04EC0-301F-11D3-BF4B-00C04F79EFBC}") = "MaplestorySnipe", "MaplestorySnipe\MaplestorySnipe.csproj", "{4BBC0BED-17D4-45E6-9273-4F34CDC97B61}"
EndProject
Global
	GlobalSection(SolutionConfigurationPlatforms) = preSolution
		Debug|Any CPU = Debug|Any CPU
		Debug|x64 = Debug|x64
		Release|Any CPU = Release|Any CPU
		Release|x64 = Release|x64
	EndGlobalSection
	GlobalSection(ProjectConfigurationPlatforms) = postSolution
		{4BBC0BED-17D4-45E6-9273-4F34CDC97B61}.Debug|Any CPU.ActiveCfg = Release|Any CPU
		{4BBC0BED-17D4-45E6-9273-4F34CDC97B61}.Debug|Any CPU.Build.0 = Release|Any CPU
		{4BBC0BED-17D4-45E6-9273-4F34CDC97B61}.Debug|x64.ActiveCfg = Debug|Any CPU
		{4BBC0BED-17D4-45E6-9273-4F34CDC97B61}.Debug|x64.Build.0 = Debug|Any CPU
		{4BBC0BED-17D4-45E6-9273-4F34CDC97B61}.Release|Any CPU.ActiveCfg = Release|Any CPU
		{4BBC0BED-17D4-45E6-9273-4F34CDC97B61}.Release|Any CPU.Build.0 = Release|Any CPU
		{4BBC0BED-17D4-45E6-9273-4F34CDC97B61}.Release|x64.ActiveCfg = Release|Any CPU
		{4BBC0BED-17D4-45E6-9273-4F34CDC97B61}.Release|x64.Build.0 = Release|Any CPU
	EndGlobalSection
	GlobalSection(SolutionProperties) = preSolution
		HideSolutionNode = FALSE
	EndGlobalSection
	GlobalSection(ExtensibilityGlobals) = postSolution
		SolutionGuid = {938BB843-820A-4F06-817D-5BCA5CC9EBA8}
	EndGlobalSection
EndGlobal
